
Microsoft Visual Studio Solution File, Format Version 12.00
# Visual Studio Version 16
VisualStudioVersion = 16.0.30204.135
MinimumVisualStudioVersion = 10.0.40219.1
Project("{8BC9CEB8-8B4A-11D0-8D11-00A0C91BC942}") = "gaps", "gaps.vcxproj", "{0EA633B7-08A3-4B17-8E8B-0CCC3C59CB87}"
EndProject
Project("{8BC9CEB8-8B4A-11D0-8D11-00A0C91BC942}") = "fglut", "pkgs\fglut\fglut.vcxproj", "{245FD70C-6B13-4581-B674-838551C69144}"
EndProject
Project("{8BC9CEB8-8B4A-11D0-8D11-00A0C91BC942}") = "jpeg", "pkgs\jpeg\jpeg.vcxproj", "{1931D591-06F3-49E2-B1A8-4CD44EC456A9}"
EndProject
Project("{8BC9CEB8-8B4A-11D0-8D11-00A0C91BC942}") = "png", "pkgs\png\png.vcxproj", "{D7106239-8D92-452E-A278-3AC3F4027E66}"
EndProject
Project("{8BC9CEB8-8B4A-11D0-8D11-00A0C91BC942}") = "R2Shapes", "pkgs\R2Shapes\R2Shapes.vcxproj", "{C5F9212A-131B-424A-BE61-5AAFC3FF6D56}"
EndProject
Project("{8BC9CEB8-8B4A-11D0-8D11-00A0C91BC942}") = "R3Graphics", "pkgs\R3Graphics\R3Graphics.vcxproj", "{098EC8E1-0E02-473E-8977-81862ACD2657}"
EndProject
Project("{2150E333-8FDC-42A3-9474-1A3956D46DE8}") = "pkgs", "pkgs", "{E19525A4-B247-4CB9-AF2D-00A12CEBB1FF}"
EndProject
Project("{8BC9CEB8-8B4A-11D0-8D11-00A0C91BC942}") = "R3Shapes", "pkgs\R3Shapes\R3Shapes.vcxproj", "{CCFB21C7-0922-4C29-B1AC-4D33094EBE06}"
EndProject
Project("{8BC9CEB8-8B4A-11D0-8D11-00A0C91BC942}") = "RNBasics", "pkgs\RNBasics\RNBasics.vcxproj", "{0E7497C1-A630-420B-BBD6-BA08E27069C7}"
EndProject
Project("{8BC9CEB8-8B4A-11D0-8D11-00A0C91BC942}") = "RGBD", "pkgs\RGBD\RGBD.vcxproj", "{8A91BFB3-36E5-4AE3-ACD6-4784751FEC44}"
EndProject
Project("{2150E333-8FDC-42A3-9474-1A3956D46DE8}") = "apps", "apps", "{FAA6FD1A-8CB4-4BC7-A30D-C42ADF6E040E}"
EndProject
Project("{8BC9CEB8-8B4A-11D0-8D11-00A0C91BC942}") = "mpview", "apps\mpview\mpview.vcxproj", "{E14E75B9-1909-455B-BD1A-73D6957DEA0E}"
	ProjectSection(ProjectDependencies) = postProject
		{245FD70C-6B13-4581-B674-838551C69144} = {245FD70C-6B13-4581-B674-838551C69144}
		{C5F9212A-131B-424A-BE61-5AAFC3FF6D56} = {C5F9212A-131B-424A-BE61-5AAFC3FF6D56}
		{D7106239-8D92-452E-A278-3AC3F4027E66} = {D7106239-8D92-452E-A278-3AC3F4027E66}
		{1931D591-06F3-49E2-B1A8-4CD44EC456A9} = {1931D591-06F3-49E2-B1A8-4CD44EC456A9}
		{8A91BFB3-36E5-4AE3-ACD6-4784751FEC44} = {8A91BFB3-36E5-4AE3-ACD6-4784751FEC44}
		{0E7497C1-A630-420B-BBD6-BA08E27069C7} = {0E7497C1-A630-420B-BBD6-BA08E27069C7}
		{CCFB21C7-0922-4C29-B1AC-4D33094EBE06} = {CCFB21C7-0922-4C29-B1AC-4D33094EBE06}
		{098EC8E1-0E02-473E-8977-81862ACD2657} = {098EC8E1-0E02-473E-8977-81862ACD2657}
	EndProjectSection
EndProject
Global
	GlobalSection(SolutionConfigurationPlatforms) = preSolution
		Debug|x64 = Debug|x64
		Debug|x86 = Debug|x86
		Release|x64 = Release|x64
		Release|x86 = Release|x86
	EndGlobalSection
	GlobalSection(ProjectConfigurationPlatforms) = postSolution
		{0EA633B7-08A3-4B17-8E8B-0CCC3C59CB87}.Debug|x64.ActiveCfg = Debug|x64
		{0EA633B7-08A3-4B17-8E8B-0CCC3C59CB87}.Debug|x64.Build.0 = Debug|x64
		{0EA633B7-08A3-4B17-8E8B-0CCC3C59CB87}.Debug|x86.ActiveCfg = Debug|Win32
		{0EA633B7-08A3-4B17-8E8B-0CCC3C59CB87}.Debug|x86.Build.0 = Debug|Win32
		{0EA633B7-08A3-4B17-8E8B-0CCC3C59CB87}.Release|x64.ActiveCfg = Release|x64
		{0EA633B7-08A3-4B17-8E8B-0CCC3C59CB87}.Release|x64.Build.0 = Release|x64
		{0EA633B7-08A3-4B17-8E8B-0CCC3C59CB87}.Release|x86.ActiveCfg = Release|Win32
		{0EA633B7-08A3-4B17-8E8B-0CCC3C59CB87}.Release|x86.Build.0 = Release|Win32
		{245FD70C-6B13-4581-B674-838551C69144}.Debug|x64.ActiveCfg = Debug|x64
		{245FD70C-6B13-4581-B674-838551C69144}.Debug|x64.Build.0 = Debug|x64
		{245FD70C-6B13-4581-B674-838551C69144}.Debug|x86.ActiveCfg = Debug|Win32
		{245FD70C-6B13-4581-B674-838551C69144}.Debug|x86.Build.0 = Debug|Win32
		{245FD70C-6B13-4581-B674-838551C69144}.Release|x64.ActiveCfg = Release|x64
		{245FD70C-6B13-4581-B674-838551C69144}.Release|x64.Build.0 = Release|x64
		{245FD70C-6B13-4581-B674-838551C69144}.Release|x86.ActiveCfg = Release|Win32
		{245FD70C-6B13-4581-B674-838551C69144}.Release|x86.Build.0 = Release|Win32
		{1931D591-06F3-49E2-B1A8-4CD44EC456A9}.Debug|x64.ActiveCfg = Debug|x64
		{1931D591-06F3-49E2-B1A8-4CD44EC456A9}.Debug|x64.Build.0 = Debug|x64
		{1931D591-06F3-49E2-B1A8-4CD44EC456A9}.Debug|x86.ActiveCfg = Debug|Win32
		{1931D591-06F3-49E2-B1A8-4CD44EC456A9}.Debug|x86.Build.0 = Debug|Win32
		{1931D591-06F3-49E2-B1A8-4CD44EC456A9}.Release|x64.ActiveCfg = Release|x64
		{1931D591-06F3-49E2-B1A8-4CD44EC456A9}.Release|x64.Build.0 = Release|x64
		{1931D591-06F3-49E2-B1A8-4CD44EC456A9}.Release|x86.ActiveCfg = Release|Win32
		{1931D591-06F3-49E2-B1A8-4CD44EC456A9}.Release|x86.Build.0 = Release|Win32
		{D7106239-8D92-452E-A278-3AC3F4027E66}.Debug|x64.ActiveCfg = Debug|x64
		{D7106239-8D92-452E-A278-3AC3F4027E66}.Debug|x64.Build.0 = Debug|x64
		{D7106239-8D92-452E-A278-3AC3F4027E66}.Debug|x86.ActiveCfg = Debug|Win32
		{D7106239-8D92-452E-A278-3AC3F4027E66}.Debug|x86.Build.0 = Debug|Win32
		{D7106239-8D92-452E-A278-3AC3F4027E66}.Release|x64.ActiveCfg = Release|x64
		{D7106239-8D92-452E-A278-3AC3F4027E66}.Release|x64.Build.0 = Release|x64
		{D7106239-8D92-452E-A278-3AC3F4027E66}.Release|x86.ActiveCfg = Release|Win32
		{D7106239-8D92-452E-A278-3AC3F4027E66}.Release|x86.Build.0 = Release|Win32
		{C5F9212A-131B-424A-BE61-5AAFC3FF6D56}.Debug|x64.ActiveCfg = Debug|x64
		{C5F9212A-131B-424A-BE61-5AAFC3FF6D56}.Debug|x64.Build.0 = Debug|x64
		{C5F9212A-131B-424A-BE61-5AAFC3FF6D56}.Debug|x86.ActiveCfg = Debug|Win32
		{C5F9212A-131B-424A-BE61-5AAFC3FF6D56}.Debug|x86.Build.0 = Debug|Win32
		{C5F9212A-131B-424A-BE61-5AAFC3FF6D56}.Release|x64.ActiveCfg = Release|x64
		{C5F9212A-131B-424A-BE61-5AAFC3FF6D56}.Release|x64.Build.0 = Release|x64
		{C5F9212A-131B-424A-BE61-5AAFC3FF6D56}.Release|x86.ActiveCfg = Release|Win32
		{C5F9212A-131B-424A-BE61-5AAFC3FF6D56}.Release|x86.Build.0 = Release|Win32
		{098EC8E1-0E02-473E-8977-81862ACD2657}.Debug|x64.ActiveCfg = Debug|x64
		{098EC8E1-0E02-473E-8977-81862ACD2657}.Debug|x64.Build.0 = Debug|x64
		{098EC8E1-0E02-473E-8977-81862ACD2657}.Debug|x86.ActiveCfg = Debug|Win32
		{098EC8E1-0E02-473E-8977-81862ACD2657}.Debug|x86.Build.0 = Debug|Win32
		{098EC8E1-0E02-473E-8977-81862ACD2657}.Release|x64.ActiveCfg = Release|x64
		{098EC8E1-0E02-473E-8977-81862ACD2657}.Release|x64.Build.0 = Release|x64
		{098EC8E1-0E02-473E-8977-81862ACD2657}.Release|x86.ActiveCfg = Release|Win32
		{098EC8E1-0E02-473E-8977-81862ACD2657}.Release|x86.Build.0 = Release|Win32
		{CCFB21C7-0922-4C29-B1AC-4D33094EBE06}.Debug|x64.ActiveCfg = Debug|x64
		{CCFB21C7-0922-4C29-B1AC-4D33094EBE06}.Debug|x64.Build.0 = Debug|x64
		{CCFB21C7-0922-4C29-B1AC-4D33094EBE06}.Debug|x86.ActiveCfg = Debug|Win32
		{CCFB21C7-0922-4C29-B1AC-4D33094EBE06}.Debug|x86.Build.0 = Debug|Win32
		{CCFB21C7-0922-4C29-B1AC-4D33094EBE06}.Release|x64.ActiveCfg = Release|x64
		{CCFB21C7-0922-4C29-B1AC-4D33094EBE06}.Release|x64.Build.0 = Release|x64
		{CCFB21C7-0922-4C29-B1AC-4D33094EBE06}.Release|x86.ActiveCfg = Release|Win32
		{CCFB21C7-0922-4C29-B1AC-4D33094EBE06}.Release|x86.Build.0 = Release|Win32
		{0E7497C1-A630-420B-BBD6-BA08E27069C7}.Debug|x64.ActiveCfg = Debug|x64
		{0E7497C1-A630-420B-BBD6-BA08E27069C7}.Debug|x64.Build.0 = Debug|x64
		{0E7497C1-A630-420B-BBD6-BA08E27069C7}.Debug|x86.ActiveCfg = Debug|Win32
		{0E7497C1-A630-420B-BBD6-BA08E27069C7}.Debug|x86.Build.0 = Debug|Win32
		{0E7497C1-A630-420B-BBD6-BA08E27069C7}.Release|x64.ActiveCfg = Release|x64
		{0E7497C1-A630-420B-BBD6-BA08E27069C7}.Release|x64.Build.0 = Release|x64
		{0E7497C1-A630-420B-BBD6-BA08E27069C7}.Release|x86.ActiveCfg = Release|Win32
		{0E7497C1-A630-420B-BBD6-BA08E27069C7}.Release|x86.Build.0 = Release|Win32
		{8A91BFB3-36E5-4AE3-ACD6-4784751FEC44}.Debug|x64.ActiveCfg = Debug|x64
		{8A91BFB3-36E5-4AE3-ACD6-4784751FEC44}.Debug|x64.Build.0 = Debug|x64
		{8A91BFB3-36E5-4AE3-ACD6-4784751FEC44}.Debug|x86.ActiveCfg = Debug|Win32
		{8A91BFB3-36E5-4AE3-ACD6-4784751FEC44}.Debug|x86.Build.0 = Debug|Win32
		{8A91BFB3-36E5-4AE3-ACD6-4784751FEC44}.Release|x64.ActiveCfg = Release|x64
		{8A91BFB3-36E5-4AE3-ACD6-4784751FEC44}.Release|x64.Build.0 = Release|x64
		{8A91BFB3-36E5-4AE3-ACD6-4784751FEC44}.Release|x86.ActiveCfg = Release|Win32
		{8A91BFB3-36E5-4AE3-ACD6-4784751FEC44}.Release|x86.Build.0 = Release|Win32
		{E14E75B9-1909-455B-BD1A-73D6957DEA0E}.Debug|x64.ActiveCfg = Debug|x64
		{E14E75B9-1909-455B-BD1A-73D6957DEA0E}.Debug|x64.Build.0 = Debug|x64
		{E14E75B9-1909-455B-BD1A-73D6957DEA0E}.Debug|x86.ActiveCfg = Debug|Win32
		{E14E75B9-1909-455B-BD1A-73D6957DEA0E}.Debug|x86.Build.0 = Debug|Win32
		{E14E75B9-1909-455B-BD1A-73D6957DEA0E}.Release|x64.ActiveCfg = Release|x64
		{E14E75B9-1909-455B-BD1A-73D6957DEA0E}.Release|x64.Build.0 = Release|x64
		{E14E75B9-1909-455B-BD1A-73D6957DEA0E}.Release|x86.ActiveCfg = Release|Win32
		{E14E75B9-1909-455B-BD1A-73D6957DEA0E}.Release|x86.Build.0 = Release|Win32
	EndGlobalSection
	GlobalSection(SolutionProperties) = preSolution
		HideSolutionNode = FALSE
	EndGlobalSection
	GlobalSection(NestedProjects) = preSolution
		{245FD70C-6B13-4581-B674-838551C69144} = {E19525A4-B247-4CB9-AF2D-00A12CEBB1FF}
		{1931D591-06F3-49E2-B1A8-4CD44EC456A9} = {E19525A4-B247-4CB9-AF2D-00A12CEBB1FF}
		{D7106239-8D92-452E-A278-3AC3F4027E66} = {E19525A4-B247-4CB9-AF2D-00A12CEBB1FF}
		{C5F9212A-131B-424A-BE61-5AAFC3FF6D56} = {E19525A4-B247-4CB9-AF2D-00A12CEBB1FF}
		{098EC8E1-0E02-473E-8977-81862ACD2657} = {E19525A4-B247-4CB9-AF2D-00A12CEBB1FF}
		{CCFB21C7-0922-4C29-B1AC-4D33094EBE06} = {E19525A4-B247-4CB9-AF2D-00A12CEBB1FF}
		{0E7497C1-A630-420B-BBD6-BA08E27069C7} = {E19525A4-B247-4CB9-AF2D-00A12CEBB1FF}
		{8A91BFB3-36E5-4AE3-ACD6-4784751FEC44} = {E19525A4-B247-4CB9-AF2D-00A12CEBB1FF}
		{E14E75B9-1909-455B-BD1A-73D6957DEA0E} = {FAA6FD1A-8CB4-4BC7-A30D-C42ADF6E040E}
	EndGlobalSection
	GlobalSection(ExtensibilityGlobals) = postSolution
		SolutionGuid = {ED9FEBEF-C5E7-4475-A642-02729868938F}
	EndGlobalSection
EndGlobal
